
Microsoft Visual Studio Solution File, Format Version 12.00
# Visual Studio 15
VisualStudioVersion = 15.0.26730.12
MinimumVisualStudioVersion = 10.0.40219.1
Project("{888888A0-9F3D-457C-B088-3A5042F75D52}") = "TorChanChat", "TorChanChat\TorChanChat.pyproj", "{4DEDA051-155F-4861-A73B-62B41589E116}"
EndProject
Project("{2150E333-8FDC-42A3-9474-1A3956D46DE8}") = "compiled", "compiled", "{0163D16E-0C83-49A7-AC03-85C139BEA81B}"
EndProject
Global
	GlobalSection(SolutionConfigurationPlatforms) = preSolution
		Debug|Any CPU = Debug|Any CPU
		Release|Any CPU = Release|Any CPU
	EndGlobalSection
	GlobalSection(ProjectConfigurationPlatforms) = postSolution
		{4DEDA051-155F-4861-A73B-62B41589E116}.Debug|Any CPU.ActiveCfg = Debug|Any CPU
		{4DEDA051-155F-4861-A73B-62B41589E116}.Release|Any CPU.ActiveCfg = Release|Any CPU
	EndGlobalSection
	GlobalSection(SolutionProperties) = preSolution
		HideSolutionNode = FALSE
	EndGlobalSection
	GlobalSection(ExtensibilityGlobals) = postSolution
		SolutionGuid = {6183F523-2675-4EFC-880A-8376E1E3C264}
	EndGlobalSection
EndGlobal
